// !$*UTF8*$!
{
	archiveVersion = 1;
	classes = {
	};
	objectVersion = 50;
	objects = {

/* Begin PBXBuildFile section */
		0608AEE8257A651A000DEAC3 /* AppDelegate.swift in Sources */ = {isa = PBXBuildFile; fileRef = 0608AEE7257A651A000DEAC3 /* AppDelegate.swift */; };
		0608AEEA257A651A000DEAC3 /* SceneDelegate.swift in Sources */ = {isa = PBXBuildFile; fileRef = 0608AEE9257A651A000DEAC3 /* SceneDelegate.swift */; };
		0608AEEC257A651A000DEAC3 /* ContentView.swift in Sources */ = {isa = PBXBuildFile; fileRef = 0608AEEB257A651A000DEAC3 /* ContentView.swift */; };
		0608AEEE257A6522000DEAC3 /* Assets.xcassets in Resources */ = {isa = PBXBuildFile; fileRef = 0608AEED257A6522000DEAC3 /* Assets.xcassets */; };
		0608AEF1257A6522000DEAC3 /* Preview Assets.xcassets in Resources */ = {isa = PBXBuildFile; fileRef = 0608AEF0257A6522000DEAC3 /* Preview Assets.xcassets */; };
		0608AEF4257A6522000DEAC3 /* LaunchScreen.storyboard in Resources */ = {isa = PBXBuildFile; fileRef = 0608AEF2257A6522000DEAC3 /* LaunchScreen.storyboard */; };
		0608AEFF257A6522000DEAC3 /* Infinity_LoaderTests.swift in Sources */ = {isa = PBXBuildFile; fileRef = 0608AEFE257A6522000DEAC3 /* Infinity_LoaderTests.swift */; };
		0608AF0A257A6522000DEAC3 /* Infinity_LoaderUITests.swift in Sources */ = {isa = PBXBuildFile; fileRef = 0608AF09257A6522000DEAC3 /* Infinity_LoaderUITests.swift */; };
		0608AF1B257A667B000DEAC3 /* InfinityShape.swift in Sources */ = {isa = PBXBuildFile; fileRef = 0608AF1A257A667B000DEAC3 /* InfinityShape.swift */; };
/* End PBXBuildFile section */

/* Begin PBXContainerItemProxy section */
		0608AEFB257A6522000DEAC3 /* PBXContainerItemProxy */ = {
			isa = PBXContainerItemProxy;
			containerPortal = 0608AEDC257A651A000DEAC3 /* Project object */;
			proxyType = 1;
			remoteGlobalIDString = 0608AEE3257A651A000DEAC3;
			remoteInfo = "Infinity Loader";
		};
		0608AF06257A6522000DEAC3 /* PBXContainerItemProxy */ = {
			isa = PBXContainerItemProxy;
			containerPortal = 0608AEDC257A651A000DEAC3 /* Project object */;
			proxyType = 1;
			remoteGlobalIDString = 0608AEE3257A651A000DEAC3;
			remoteInfo = "Infinity Loader";
		};
/* End PBXContainerItemProxy section */

/* Begin PBXFileReference section */
		0608AEE4257A651A000DEAC3 /* Infinity Loader.app */ = {isa = PBXFileReference; explicitFileType = wrapper.application; includeInIndex = 0; path = "Infinity Loader.app"; sourceTree = BUILT_PRODUCTS_DIR; };
		0608AEE7257A651A000DEAC3 /* AppDelegate.swift */ = {isa = PBXFileReference; lastKnownFileType = sourcecode.swift; path = AppDelegate.swift; sourceTree = "<group>"; };
		0608AEE9257A651A000DEAC3 /* SceneDelegate.swift */ = {isa = PBXFileReference; lastKnownFileType = sourcecode.swift; path = SceneDelegate.swift; sourceTree = "<group>"; };
		0608AEEB257A651A000DEAC3 /* ContentView.swift */ = {isa = PBXFileReference; lastKnownFileType = sourcecode.swift; path = ContentView.swift; sourceTree = "<group>"; };
		0608AEED257A6522000DEAC3 /* Assets.xcassets */ = {isa = PBXFileReference; lastKnownFileType = folder.assetcatalog; path = Assets.xcassets; sourceTree = "<group>"; };
		0608AEF0257A6522000DEAC3 /* Preview Assets.xcassets */ = {isa = PBXFileReference; lastKnownFileType = folder.assetcatalog; path = "Preview Assets.xcassets"; sourceTree = "<group>"; };
		0608AEF3257A6522000DEAC3 /* Base */ = {isa = PBXFileReference; lastKnownFileType = file.storyboard; name = Base; path = Base.lproj/LaunchScreen.storyboard; sourceTree = "<group>"; };
		0608AEF5257A6522000DEAC3 /* Info.plist */ = {isa = PBXFileReference; lastKnownFileType = text.plist.xml; path = Info.plist; sourceTree = "<group>"; };
		0608AEFA257A6522000DEAC3 /* Infinity LoaderTests.xctest */ = {isa = PBXFileReference; explicitFileType = wrapper.cfbundle; includeInIndex = 0; path = "Infinity LoaderTests.xctest"; sourceTree = BUILT_PRODUCTS_DIR; };
		0608AEFE257A6522000DEAC3 /* Infinity_LoaderTests.swift */ = {isa = PBXFileReference; lastKnownFileType = sourcecode.swift; path = Infinity_LoaderTests.swift; sourceTree = "<group>"; };
		0608AF00257A6522000DEAC3 /* Info.plist */ = {isa = PBXFileReference; lastKnownFileType = text.plist.xml; path = Info.plist; sourceTree = "<group>"; };
		0608AF05257A6522000DEAC3 /* Infinity LoaderUITests.xctest */ = {isa = PBXFileReference; explicitFileType = wrapper.cfbundle; includeInIndex = 0; path = "Infinity LoaderUITests.xctest"; sourceTree = BUILT_PRODUCTS_DIR; };
		0608AF09257A6522000DEAC3 /* Infinity_LoaderUITests.swift */ = {isa = PBXFileReference; lastKnownFileType = sourcecode.swift; path = Infinity_LoaderUITests.swift; sourceTree = "<group>"; };
		0608AF0B257A6522000DEAC3 /* Info.plist */ = {isa = PBXFileReference; lastKnownFileType = text.plist.xml; path = Info.plist; sourceTree = "<group>"; };
		0608AF1A257A667B000DEAC3 /* InfinityShape.swift */ = {isa = PBXFileReference; lastKnownFileType = sourcecode.swift; path = InfinityShape.swift; sourceTree = "<group>"; };
/* End PBXFileReference section */

/* Begin PBXFrameworksBuildPhase section */
		0608AEE1257A651A000DEAC3 /* Frameworks */ = {
			isa = PBXFrameworksBuildPhase;
			buildActionMask = 2147483647;
			files = (
			);
			runOnlyForDeploymentPostprocessing = 0;
		};
		0608AEF7257A6522000DEAC3 /* Frameworks */ = {
			isa = PBXFrameworksBuildPhase;
			buildActionMask = 2147483647;
			files = (
			);
			runOnlyForDeploymentPostprocessing = 0;
		};
		0608AF02257A6522000DEAC3 /* Frameworks */ = {
			isa = PBXFrameworksBuildPhase;
			buildActionMask = 2147483647;
			files = (
			);
			runOnlyForDeploymentPostprocessing = 0;
		};
/* End PBXFrameworksBuildPhase section */

/* Begin PBXGroup section */
		0608AEDB257A651A000DEAC3 = {
			isa = PBXGroup;
			children = (
				0608AEE6257A651A000DEAC3 /* Infinity Loader */,
				0608AEFD257A6522000DEAC3 /* Infinity LoaderTests */,
				0608AF08257A6522000DEAC3 /* Infinity LoaderUITests */,
				0608AEE5257A651A000DEAC3 /* Products */,
			);
			sourceTree = "<group>";
		};
		0608AEE5257A651A000DEAC3 /* Products */ = {
			isa = PBXGroup;
			children = (
				0608AEE4257A651A000DEAC3 /* Infinity Loader.app */,
				0608AEFA257A6522000DEAC3 /* Infinity LoaderTests.xctest */,
				0608AF05257A6522000DEAC3 /* Infinity LoaderUITests.xctest */,
			);
			name = Products;
			sourceTree = "<group>";
		};
		0608AEE6257A651A000DEAC3 /* Infinity Loader */ = {
			isa = PBXGroup;
			children = (
				0608AEE7257A651A000DEAC3 /* AppDelegate.swift */,
				0608AEE9257A651A000DEAC3 /* SceneDelegate.swift */,
				0608AEEB257A651A000DEAC3 /* ContentView.swift */,
				0608AEED257A6522000DEAC3 /* Assets.xcassets */,
				0608AEF2257A6522000DEAC3 /* LaunchScreen.storyboard */,
				0608AEF5257A6522000DEAC3 /* Info.plist */,
				0608AEEF257A6522000DEAC3 /* Preview Content */,
				0608AF1A257A667B000DEAC3 /* InfinityShape.swift */,
			);
			path = "Infinity Loader";
			sourceTree = "<group>";
		};
		0608AEEF257A6522000DEAC3 /* Preview Content */ = {
			isa = PBXGroup;
			children = (
				0608AEF0257A6522000DEAC3 /* Preview Assets.xcassets */,
			);
			path = "Preview Content";
			sourceTree = "<group>";
		};
		0608AEFD257A6522000DEAC3 /* Infinity LoaderTests */ = {
			isa = PBXGroup;
			children = (
				0608AEFE257A6522000DEAC3 /* Infinity_LoaderTests.swift */,
				0608AF00257A6522000DEAC3 /* Info.plist */,
			);
			path = "Infinity LoaderTests";
			sourceTree = "<group>";
		};
		0608AF08257A6522000DEAC3 /* Infinity LoaderUITests */ = {
			isa = PBXGroup;
			children = (
				0608AF09257A6522000DEAC3 /* Infinity_LoaderUITests.swift */,
				0608AF0B257A6522000DEAC3 /* Info.plist */,
			);
			path = "Infinity LoaderUITests";
			sourceTree = "<group>";
		};
/* End PBXGroup section */

/* Begin PBXNativeTarget section */
		0608AEE3257A651A000DEAC3 /* Infinity Loader */ = {
			isa = PBXNativeTarget;
			buildConfigurationList = 0608AF0E257A6522000DEAC3 /* Build configuration list for PBXNativeTarget "Infinity Loader" */;
			buildPhases = (
				0608AEE0257A651A000DEAC3 /* Sources */,
				0608AEE1257A651A000DEAC3 /* Frameworks */,
				0608AEE2257A651A000DEAC3 /* Resources */,
			);
			buildRules = (
			);
			dependencies = (
			);
			name = "Infinity Loader";
			productName = "Infinity Loader";
			productReference = 0608AEE4257A651A000DEAC3 /* Infinity Loader.app */;
			productType = "com.apple.product-type.application";
		};
		0608AEF9257A6522000DEAC3 /* Infinity LoaderTests */ = {
			isa = PBXNativeTarget;
			buildConfigurationList = 0608AF11257A6522000DEAC3 /* Build configuration list for PBXNativeTarget "Infinity LoaderTests" */;
			buildPhases = (
				0608AEF6257A6522000DEAC3 /* Sources */,
				0608AEF7257A6522000DEAC3 /* Frameworks */,
				0608AEF8257A6522000DEAC3 /* Resources */,
			);
			buildRules = (
			);
			dependencies = (
				0608AEFC257A6522000DEAC3 /* PBXTargetDependency */,
			);
			name = "Infinity LoaderTests";
			productName = "Infinity LoaderTests";
			productReference = 0608AEFA257A6522000DEAC3 /* Infinity LoaderTests.xctest */;
			productType = "com.apple.product-type.bundle.unit-test";
		};
		0608AF04257A6522000DEAC3 /* Infinity LoaderUITests */ = {
			isa = PBXNativeTarget;
			buildConfigurationList = 0608AF14257A6522000DEAC3 /* Build configuration list for PBXNativeTarget "Infinity LoaderUITests" */;
			buildPhases = (
				0608AF01257A6522000DEAC3 /* Sources */,
				0608AF02257A6522000DEAC3 /* Frameworks */,
				0608AF03257A6522000DEAC3 /* Resources */,
			);
			buildRules = (
			);
			dependencies = (
				0608AF07257A6522000DEAC3 /* PBXTargetDependency */,
			);
			name = "Infinity LoaderUITests";
			productName = "Infinity LoaderUITests";
			productReference = 0608AF05257A6522000DEAC3 /* Infinity LoaderUITests.xctest */;
			productType = "com.apple.product-type.bundle.ui-testing";
		};
/* End PBXNativeTarget section */

/* Begin PBXProject section */
		0608AEDC257A651A000DEAC3 /* Project object */ = {
			isa = PBXProject;
			attributes = {
				LastSwiftUpdateCheck = 1220;
				LastUpgradeCheck = 1220;
				TargetAttributes = {
					0608AEE3257A651A000DEAC3 = {
						CreatedOnToolsVersion = 12.2;
					};
					0608AEF9257A6522000DEAC3 = {
						CreatedOnToolsVersion = 12.2;
						TestTargetID = 0608AEE3257A651A000DEAC3;
					};
					0608AF04257A6522000DEAC3 = {
						CreatedOnToolsVersion = 12.2;
						TestTargetID = 0608AEE3257A651A000DEAC3;
					};
				};
			};
			buildConfigurationList = 0608AEDF257A651A000DEAC3 /* Build configuration list for PBXProject "Infinity Loader" */;
			compatibilityVersion = "Xcode 9.3";
			developmentRegion = en;
			hasScannedForEncodings = 0;
			knownRegions = (
				en,
				Base,
			);
			mainGroup = 0608AEDB257A651A000DEAC3;
			productRefGroup = 0608AEE5257A651A000DEAC3 /* Products */;
			projectDirPath = "";
			projectRoot = "";
			targets = (
				0608AEE3257A651A000DEAC3 /* Infinity Loader */,
				0608AEF9257A6522000DEAC3 /* Infinity LoaderTests */,
				0608AF04257A6522000DEAC3 /* Infinity LoaderUITests */,
			);
		};
/* End PBXProject section */

/* Begin PBXResourcesBuildPhase section */
		0608AEE2257A651A000DEAC3 /* Resources */ = {
			isa = PBXResourcesBuildPhase;
			buildActionMask = 2147483647;
			files = (
				0608AEF4257A6522000DEAC3 /* LaunchScreen.storyboard in Resources */,
				0608AEF1257A6522000DEAC3 /* Preview Assets.xcassets in Resources */,
				0608AEEE257A6522000DEAC3 /* Assets.xcassets in Resources */,
			);
			runOnlyForDeploymentPostprocessing = 0;
		};
		0608AEF8257A6522000DEAC3 /* Resources */ = {
			isa = PBXResourcesBuildPhase;
			buildActionMask = 2147483647;
			files = (
			);
			runOnlyForDeploymentPostprocessing = 0;
		};
		0608AF03257A6522000DEAC3 /* Resources */ = {
			isa = PBXResourcesBuildPhase;
			buildActionMask = 2147483647;
			files = (
			);
			runOnlyForDeploymentPostprocessing = 0;
		};
/* End PBXResourcesBuildPhase section */

/* Begin PBXSourcesBuildPhase section */
		0608AEE0257A651A000DEAC3 /* Sources */ = {
			isa = PBXSourcesBuildPhase;
			buildActionMask = 2147483647;
			files = (
				0608AEE8257A651A000DEAC3 /* AppDelegate.swift in Sources */,
				0608AF1B257A667B000DEAC3 /* InfinityShape.swift in Sources */,
				0608AEEA257A651A000DEAC3 /* SceneDelegate.swift in Sources */,
				0608AEEC257A651A000DEAC3 /* ContentView.swift in Sources */,
			);
			runOnlyForDeploymentPostprocessing = 0;
		};
		0608AEF6257A6522000DEAC3 /* Sources */ = {
			isa = PBXSourcesBuildPhase;
			buildActionMask = 2147483647;
			files = (
				0608AEFF257A6522000DEAC3 /* Infinity_LoaderTests.swift in Sources */,
			);
			runOnlyForDeploymentPostprocessing = 0;
		};
		0608AF01257A6522000DEAC3 /* Sources */ = {
			isa = PBXSourcesBuildPhase;
			buildActionMask = 2147483647;
			files = (
				0608AF0A257A6522000DEAC3 /* Infinity_LoaderUITests.swift in Sources */,
			);
			runOnlyForDeploymentPostprocessing = 0;
		};
/* End PBXSourcesBuildPhase section */

/* Begin PBXTargetDependency section */
		0608AEFC257A6522000DEAC3 /* PBXTargetDependency */ = {
			isa = PBXTargetDependency;
			target = 0608AEE3257A651A000DEAC3 /* Infinity Loader */;
			targetProxy = 0608AEFB257A6522000DEAC3 /* PBXContainerItemProxy */;
		};
		0608AF07257A6522000DEAC3 /* PBXTargetDependency */ = {
			isa = PBXTargetDependency;
			target = 0608AEE3257A651A000DEAC3 /* Infinity Loader */;
			targetProxy = 0608AF06257A6522000DEAC3 /* PBXContainerItemProxy */;
		};
/* End PBXTargetDependency section */

/* Begin PBXVariantGroup section */
		0608AEF2257A6522000DEAC3 /* LaunchScreen.storyboard */ = {
			isa = PBXVariantGroup;
			children = (
				0608AEF3257A6522000DEAC3 /* Base */,
			);
			name = LaunchScreen.storyboard;
			sourceTree = "<group>";
		};
/* End PBXVariantGroup section */

/* Begin XCBuildConfiguration section */
		0608AF0C257A6522000DEAC3 /* Debug */ = {
			isa = XCBuildConfiguration;
			buildSettings = {
				ALWAYS_SEARCH_USER_PATHS = NO;
				CLANG_ANALYZER_NONNULL = YES;
				CLANG_ANALYZER_NUMBER_OBJECT_CONVERSION = YES_AGGRESSIVE;
				CLANG_CXX_LANGUAGE_STANDARD = "gnu++14";
				CLANG_CXX_LIBRARY = "libc++";
				CLANG_ENABLE_MODULES = YES;
				CLANG_ENABLE_OBJC_ARC = YES;
				CLANG_ENABLE_OBJC_WEAK = YES;
				CLANG_WARN_BLOCK_CAPTURE_AUTORELEASING = YES;
				CLANG_WARN_BOOL_CONVERSION = YES;
				CLANG_WARN_COMMA = YES;
				CLANG_WARN_CONSTANT_CONVERSION = YES;
				CLANG_WARN_DEPRECATED_OBJC_IMPLEMENTATIONS = YES;
				CLANG_WARN_DIRECT_OBJC_ISA_USAGE = YES_ERROR;
				CLANG_WARN_DOCUMENTATION_COMMENTS = YES;
				CLANG_WARN_EMPTY_BODY = YES;
				CLANG_WARN_ENUM_CONVERSION = YES;
				CLANG_WARN_INFINITE_RECURSION = YES;
				CLANG_WARN_INT_CONVERSION = YES;
				CLANG_WARN_NON_LITERAL_NULL_CONVERSION = YES;
				CLANG_WARN_OBJC_IMPLICIT_RETAIN_SELF = YES;
				CLANG_WARN_OBJC_LITERAL_CONVERSION = YES;
				CLANG_WARN_OBJC_ROOT_CLASS = YES_ERROR;
				CLANG_WARN_QUOTED_INCLUDE_IN_FRAMEWORK_HEADER = YES;
				CLANG_WARN_RANGE_LOOP_ANALYSIS = YES;
				CLANG_WARN_STRICT_PROTOTYPES = YES;
				CLANG_WARN_SUSPICIOUS_MOVE = YES;
				CLANG_WARN_UNGUARDED_AVAILABILITY = YES_AGGRESSIVE;
				CLANG_WARN_UNREACHABLE_CODE = YES;
				CLANG_WARN__DUPLICATE_METHOD_MATCH = YES;
				COPY_PHASE_STRIP = NO;
				DEBUG_INFORMATION_FORMAT = dwarf;
				ENABLE_STRICT_OBJC_MSGSEND = YES;
				ENABLE_TESTABILITY = YES;
				GCC_C_LANGUAGE_STANDARD = gnu11;
				GCC_DYNAMIC_NO_PIC = NO;
				GCC_NO_COMMON_BLOCKS = YES;
				GCC_OPTIMIZATION_LEVEL = 0;
				GCC_PREPROCESSOR_DEFINITIONS = (
					"DEBUG=1",
					"$(inherited)",
				);
				GCC_WARN_64_TO_32_BIT_CONVERSION = YES;
				GCC_WARN_ABOUT_RETURN_TYPE = YES_ERROR;
				GCC_WARN_UNDECLARED_SELECTOR = YES;
				GCC_WARN_UNINITIALIZED_AUTOS = YES_AGGRESSIVE;
				GCC_WARN_UNUSED_FUNCTION = YES;
				GCC_WARN_UNUSED_VARIABLE = YES;
				IPHONEOS_DEPLOYMENT_TARGET = 14.2;
				MTL_ENABLE_DEBUG_INFO = INCLUDE_SOURCE;
				MTL_FAST_MATH = YES;
				ONLY_ACTIVE_ARCH = YES;
				SDKROOT = iphoneos;
				SWIFT_ACTIVE_COMPILATION_CONDITIONS = DEBUG;
				SWIFT_OPTIMIZATION_LEVEL = "-Onone";
			};
			name = Debug;
		};
		0608AF0D257A6522000DEAC3 /* Release */ = {
			isa = XCBuildConfiguration;
			buildSettings = {
				ALWAYS_SEARCH_USER_PATHS = NO;
				CLANG_ANALYZER_NONNULL = YES;
				CLANG_ANALYZER_NUMBER_OBJECT_CONVERSION = YES_AGGRESSIVE;
				CLANG_CXX_LANGUAGE_STANDARD = "gnu++14";
				CLANG_CXX_LIBRARY = "libc++";
				CLANG_ENABLE_MODULES = YES;
				CLANG_ENABLE_OBJC_ARC = YES;
				CLANG_ENABLE_OBJC_WEAK = YES;
				CLANG_WARN_BLOCK_CAPTURE_AUTORELEASING = YES;
				CLANG_WARN_BOOL_CONVERSION = YES;
				CLANG_WARN_COMMA = YES;
				CLANG_WARN_CONSTANT_CONVERSION = YES;
				CLANG_WARN_DEPRECATED_OBJC_IMPLEMENTATIONS = YES;
				CLANG_WARN_DIRECT_OBJC_ISA_USAGE = YES_ERROR;
				CLANG_WARN_DOCUMENTATION_COMMENTS = YES;
				CLANG_WARN_EMPTY_BODY = YES;
				CLANG_WARN_ENUM_CONVERSION = YES;
				CLANG_WARN_INFINITE_RECURSION = YES;
				CLANG_WARN_INT_CONVERSION = YES;
				CLANG_WARN_NON_LITERAL_NULL_CONVERSION = YES;
				CLANG_WARN_OBJC_IMPLICIT_RETAIN_SELF = YES;
				CLANG_WARN_OBJC_LITERAL_CONVERSION = YES;
				CLANG_WARN_OBJC_ROOT_CLASS = YES_ERROR;
				CLANG_WARN_QUOTED_INCLUDE_IN_FRAMEWORK_HEADER = YES;
				CLANG_WARN_RANGE_LOOP_ANALYSIS = YES;
				CLANG_WARN_STRICT_PROTOTYPES = YES;
				CLANG_WARN_SUSPICIOUS_MOVE = YES;
				CLANG_WARN_UNGUARDED_AVAILABILITY = YES_AGGRESSIVE;
				CLANG_WARN_UNREACHABLE_CODE = YES;
				CLANG_WARN__DUPLICATE_METHOD_MATCH = YES;
				COPY_PHASE_STRIP = NO;
				DEBUG_INFORMATION_FORMAT = "dwarf-with-dsym";
				ENABLE_NS_ASSERTIONS = NO;
				ENABLE_STRICT_OBJC_MSGSEND = YES;
				GCC_C_LANGUAGE_STANDARD = gnu11;
				GCC_NO_COMMON_BLOCKS = YES;
				GCC_WARN_64_TO_32_BIT_CONVERSION = YES;
				GCC_WARN_ABOUT_RETURN_TYPE = YES_ERROR;
				GCC_WARN_UNDECLARED_SELECTOR = YES;
				GCC_WARN_UNINITIALIZED_AUTOS = YES_AGGRESSIVE;
				GCC_WARN_UNUSED_FUNCTION = YES;
				GCC_WARN_UNUSED_VARIABLE = YES;
				IPHONEOS_DEPLOYMENT_TARGET = 14.2;
				MTL_ENABLE_DEBUG_INFO = NO;
				MTL_FAST_MATH = YES;
				SDKROOT = iphoneos;
				SWIFT_COMPILATION_MODE = wholemodule;
				SWIFT_OPTIMIZATION_LEVEL = "-O";
				VALIDATE_PRODUCT = YES;
			};
			name = Release;
		};
		0608AF0F257A6522000DEAC3 /* Debug */ = {
			isa = XCBuildConfiguration;
			buildSettings = {
				ASSETCATALOG_COMPILER_APPICON_NAME = AppIcon;
				ASSETCATALOG_COMPILER_GLOBAL_ACCENT_COLOR_NAME = AccentColor;
				CODE_SIGN_STYLE = Automatic;
				DEVELOPMENT_ASSET_PATHS = "\"Infinity Loader/Preview Content\"";
				DEVELOPMENT_TEAM = RKSNRHW63A;
				ENABLE_PREVIEWS = YES;
				INFOPLIST_FILE = "Infinity Loader/Info.plist";
				LD_RUNPATH_SEARCH_PATHS = (
					"$(inherited)",
					"@executable_path/Frameworks",
				);
				PRODUCT_BUNDLE_IDENTIFIER = "com.pangeun.Infinity-Loader";
				PRODUCT_NAME = "$(TARGET_NAME)";
				SWIFT_VERSION = 5.0;
				TARGETED_DEVICE_FAMILY = "1,2";
			};
			name = Debug;
		};
		0608AF10257A6522000DEAC3 /* Release */ = {
			isa = XCBuildConfiguration;
			buildSettings = {
				ASSETCATALOG_COMPILER_APPICON_NAME = AppIcon;
				ASSETCATALOG_COMPILER_GLOBAL_ACCENT_COLOR_NAME = AccentColor;
				CODE_SIGN_STYLE = Automatic;
				DEVELOPMENT_ASSET_PATHS = "\"Infinity Loader/Preview Content\"";
				DEVELOPMENT_TEAM = RKSNRHW63A;
				ENABLE_PREVIEWS = YES;
				INFOPLIST_FILE = "Infinity Loader/Info.plist";
				LD_RUNPATH_SEARCH_PATHS = (
					"$(inherited)",
					"@executable_path/Frameworks",
				);
				PRODUCT_BUNDLE_IDENTIFIER = "com.pangeun.Infinity-Loader";
				PRODUCT_NAME = "$(TARGET_NAME)";
				SWIFT_VERSION = 5.0;
				TARGETED_DEVICE_FAMILY = "1,2";
			};
			name = Release;
		};
		0608AF12257A6522000DEAC3 /* Debug */ = {
			isa = XCBuildConfiguration;
			buildSettings = {
				ALWAYS_EMBED_SWIFT_STANDARD_LIBRARIES = YES;
				BUNDLE_LOADER = "$(TEST_HOST)";
				CODE_SIGN_STYLE = Automatic;
				DEVELOPMENT_TEAM = RKSNRHW63A;
				INFOPLIST_FILE = "Infinity LoaderTests/Info.plist";
				IPHONEOS_DEPLOYMENT_TARGET = 14.2;
				LD_RUNPATH_SEARCH_PATHS = (
					"$(inherited)",
					"@executable_path/Frameworks",
					"@loader_path/Frameworks",
				);
				PRODUCT_BUNDLE_IDENTIFIER = "com.pangeun.Infinity-LoaderTests";
				PRODUCT_NAME = "$(TARGET_NAME)";
				SWIFT_VERSION = 5.0;
				TARGETED_DEVICE_FAMILY = "1,2";
				TEST_HOST = "$(BUILT_PRODUCTS_DIR)/Infinity Loader.app/Infinity Loader";
			};
			name = Debug;
		};
		0608AF13257A6522000DEAC3 /* Release */ = {
			isa = XCBuildConfiguration;
			buildSettings = {
				ALWAYS_EMBED_SWIFT_STANDARD_LIBRARIES = YES;
				BUNDLE_LOADER = "$(TEST_HOST)";
				CODE_SIGN_STYLE = Automatic;
				DEVELOPMENT_TEAM = RKSNRHW63A;
				INFOPLIST_FILE = "Infinity LoaderTests/Info.plist";
				IPHONEOS_DEPLOYMENT_TARGET = 14.2;
				LD_RUNPATH_SEARCH_PATHS = (
					"$(inherited)",
					"@executable_path/Frameworks",
					"@loader_path/Frameworks",
				);
				PRODUCT_BUNDLE_IDENTIFIER = "com.pangeun.Infinity-LoaderTests";
				PRODUCT_NAME = "$(TARGET_NAME)";
				SWIFT_VERSION = 5.0;
				TARGETED_DEVICE_FAMILY = "1,2";
				TEST_HOST = "$(BUILT_PRODUCTS_DIR)/Infinity Loader.app/Infinity Loader";
			};
			name = Release;
		};
		0608AF15257A6522000DEAC3 /* Debug */ = {
			isa = XCBuildConfiguration;
			buildSettings = {
				ALWAYS_EMBED_SWIFT_STANDARD_LIBRARIES = YES;
				CODE_SIGN_STYLE = Automatic;
				DEVELOPMENT_TEAM = RKSNRHW63A;
				INFOPLIST_FILE = "Infinity LoaderUITests/Info.plist";
				LD_RUNPATH_SEARCH_PATHS = (
					"$(inherited)",
					"@executable_path/Frameworks",
					"@loader_path/Frameworks",
				);
				PRODUCT_BUNDLE_IDENTIFIER = "com.pangeun.Infinity-LoaderUITests";
				PRODUCT_NAME = "$(TARGET_NAME)";
				SWIFT_VERSION = 5.0;
				TARGETED_DEVICE_FAMILY = "1,2";
				TEST_TARGET_NAME = "Infinity Loader";
			};
			name = Debug;
		};
		0608AF16257A6522000DEAC3 /* Release */ = {
			isa = XCBuildConfiguration;
			buildSettings = {
				ALWAYS_EMBED_SWIFT_STANDARD_LIBRARIES = YES;
				CODE_SIGN_STYLE = Automatic;
				DEVELOPMENT_TEAM = RKSNRHW63A;
				INFOPLIST_FILE = "Infinity LoaderUITests/Info.plist";
				LD_RUNPATH_SEARCH_PATHS = (
					"$(inherited)",
					"@executable_path/Frameworks",
					"@loader_path/Frameworks",
				);
				PRODUCT_BUNDLE_IDENTIFIER = "com.pangeun.Infinity-LoaderUITests";
				PRODUCT_NAME = "$(TARGET_NAME)";
				SWIFT_VERSION = 5.0;
				TARGETED_DEVICE_FAMILY = "1,2";
				TEST_TARGET_NAME = "Infinity Loader";
			};
			name = Release;
		};
/* End XCBuildConfiguration section */

/* Begin XCConfigurationList section */
		0608AEDF257A651A000DEAC3 /* Build configuration list for PBXProject "Infinity Loader" */ = {
			isa = XCConfigurationList;
			buildConfigurations = (
				0608AF0C257A6522000DEAC3 /* Debug */,
				0608AF0D257A6522000DEAC3 /* Release */,
			);
			defaultConfigurationIsVisible = 0;
			defaultConfigurationName = Release;
		};
		0608AF0E257A6522000DEAC3 /* Build configuration list for PBXNativeTarget "Infinity Loader" */ = {
			isa = XCConfigurationList;
			buildConfigurations = (
				0608AF0F257A6522000DEAC3 /* Debug */,
				0608AF10257A6522000DEAC3 /* Release */,
			);
			defaultConfigurationIsVisible = 0;
			defaultConfigurationName = Release;
		};
		0608AF11257A6522000DEAC3 /* Build configuration list for PBXNativeTarget "Infinity LoaderTests" */ = {
			isa = XCConfigurationList;
			buildConfigurations = (
				0608AF12257A6522000DEAC3 /* Debug */,
				0608AF13257A6522000DEAC3 /* Release */,
			);
			defaultConfigurationIsVisible = 0;
			defaultConfigurationName = Release;
		};
		0608AF14257A6522000DEAC3 /* Build configuration list for PBXNativeTarget "Infinity LoaderUITests" */ = {
			isa = XCConfigurationList;
			buildConfigurations = (
				0608AF15257A6522000DEAC3 /* Debug */,
				0608AF16257A6522000DEAC3 /* Release */,
			);
			defaultConfigurationIsVisible = 0;
			defaultConfigurationName = Release;
		};
/* End XCConfigurationList section */
	};
	rootObject = 0608AEDC257A651A000DEAC3 /* Project object */;
}
